
Microsoft Visual Studio Solution File, Format Version 12.00
# Visual Studio Version 17
VisualStudioVersion = 17.5.002.0
MinimumVisualStudioVersion = 10.0.40219.1
Project("{9A19103F-16F7-4668-BE54-9A1E7A4F7556}") = "lab01-conhecendo-o-ambiente-de-desenvolvimento", "lab01-conhecendo-o-ambiente-de-desenvolvimento.csproj", "{54D9B6F6-234E-448E-ABE3-47DCD1211090}"
EndProject
Global
	GlobalSection(SolutionConfigurationPlatforms) = preSolution
		Debug|Any CPU = Debug|Any CPU
		Release|Any CPU = Release|Any CPU
	EndGlobalSection
	GlobalSection(ProjectConfigurationPlatforms) = postSolution
		{54D9B6F6-234E-448E-ABE3-47DCD1211090}.Debug|Any CPU.ActiveCfg = Debug|Any CPU
		{54D9B6F6-234E-448E-ABE3-47DCD1211090}.Debug|Any CPU.Build.0 = Debug|Any CPU
		{54D9B6F6-234E-448E-ABE3-47DCD1211090}.Release|Any CPU.ActiveCfg = Release|Any CPU
		{54D9B6F6-234E-448E-ABE3-47DCD1211090}.Release|Any CPU.Build.0 = Release|Any CPU
	EndGlobalSection
	GlobalSection(SolutionProperties) = preSolution
		HideSolutionNode = FALSE
	EndGlobalSection
	GlobalSection(ExtensibilityGlobals) = postSolution
		SolutionGuid = {38F17EE8-1622-4479-A17D-C6CDED8F3E04}
	EndGlobalSection
EndGlobal
